
Microsoft Visual Studio Solution File, Format Version 12.00
# Visual Studio Version 16
VisualStudioVersion = 16.0.29709.97
MinimumVisualStudioVersion = 10.0.40219.1
Project("{9A19103F-16F7-4668-BE54-9A1E7A4F7556}") = "TorchHelperPlus", "TorchHelperPlus.csproj", "{D61EBCDE-38A8-4CCE-8EDD-F5919DA3AE82}"
EndProject
Global
	GlobalSection(SolutionConfigurationPlatforms) = preSolution
		Debug|Any CPU = Debug|Any CPU
		Release|Any CPU = Release|Any CPU
	EndGlobalSection
	GlobalSection(ProjectConfigurationPlatforms) = postSolution
		{D61EBCDE-38A8-4CCE-8EDD-F5919DA3AE82}.Debug|Any CPU.ActiveCfg = Debug|Any CPU
		{D61EBCDE-38A8-4CCE-8EDD-F5919DA3AE82}.Debug|Any CPU.Build.0 = Debug|Any CPU
		{D61EBCDE-38A8-4CCE-8EDD-F5919DA3AE82}.Release|Any CPU.ActiveCfg = Release|Any CPU
		{D61EBCDE-38A8-4CCE-8EDD-F5919DA3AE82}.Release|Any CPU.Build.0 = Release|Any CPU
	EndGlobalSection
	GlobalSection(SolutionProperties) = preSolution
		HideSolutionNode = FALSE
	EndGlobalSection
	GlobalSection(ExtensibilityGlobals) = postSolution
		SolutionGuid = {E91251A6-5979-44E0-8DC0-496AEA833D5C}
	EndGlobalSection
EndGlobal
